
Microsoft Visual Studio Solution File, Format Version 12.00
# Visual Studio 14
VisualStudioVersion = 14.0.25123.0
MinimumVisualStudioVersion = 10.0.40219.1
Project("{2150E333-8FDC-42A3-9474-1A3956D46DE8}") = "1. Backend", "1. Backend", "{0768DEEE-4D7A-41C2-939A-92F24724720C}"
EndProject
Project("{2150E333-8FDC-42A3-9474-1A3956D46DE8}") = "2. Frontend", "2. Frontend", "{6879F8C8-81B8-4CB8-88FF-F3068B46AFF0}"
EndProject
Project("{2150E333-8FDC-42A3-9474-1A3956D46DE8}") = "5. Modules", "5. Modules", "{0C223B6C-93C3-4336-A50D-3B2A604E1881}"
EndProject
Project("{2150E333-8FDC-42A3-9474-1A3956D46DE8}") = "3. Shared", "3. Shared", "{E1EF2A14-563C-4C83-91A2-8A16A00AFDCA}"
EndProject
Project("{2150E333-8FDC-42A3-9474-1A3956D46DE8}") = "6. Testing", "6. Testing", "{28BD8B71-9E1E-4DF6-90EB-1A20F9B8CF2E}"
EndProject
Project("{2150E333-8FDC-42A3-9474-1A3956D46DE8}") = "4. Tools", "4. Tools", "{097D7656-AF7E-4311-8D57-5A17AD720773}"
EndProject
Project("{FAE04EC0-301F-11D3-BF4B-00C04F79EFBC}") = "Hale.Agent", "Backend\Agent\Hale.Agent.csproj", "{1B49CA5C-B895-4139-9080-29E711C2C23A}"
EndProject
Project("{FAE04EC0-301F-11D3-BF4B-00C04F79EFBC}") = "Hale.Core", "Backend\Core\Hale.Core.csproj", "{15C782A0-DC99-4B73-B305-B8468DAD29AC}"
EndProject
Project("{E24C65DC-7377-472B-9ABA-BC803B73C61A}") = "Web", "Frontend\Web\", "{29DBA3B0-BFE4-4BD6-9805-CD1CA40F6491}"
	ProjectSection(WebsiteProperties) = preProject
		TargetFrameworkMoniker = ".NETFramework,Version%3Dv4.0"
		Debug.AspNetCompiler.VirtualPath = "/localhost_57576"
		Debug.AspNetCompiler.PhysicalPath = "Frontend\Web\"
		Debug.AspNetCompiler.TargetPath = "PrecompiledWeb\localhost_57576\"
		Debug.AspNetCompiler.Updateable = "true"
		Debug.AspNetCompiler.ForceOverwrite = "true"
		Debug.AspNetCompiler.FixedNames = "false"
		Debug.AspNetCompiler.Debug = "True"
		Release.AspNetCompiler.VirtualPath = "/localhost_57576"
		Release.AspNetCompiler.PhysicalPath = "Frontend\Web\"
		Release.AspNetCompiler.TargetPath = "PrecompiledWeb\localhost_57576\"
		Release.AspNetCompiler.Updateable = "true"
		Release.AspNetCompiler.ForceOverwrite = "true"
		Release.AspNetCompiler.FixedNames = "false"
		Release.AspNetCompiler.Debug = "False"
		VWDPort = "57576"
		SlnRelativePath = "Frontend\Web\"
	EndProjectSection
EndProject
Project("{FAE04EC0-301F-11D3-BF4B-00C04F79EFBC}") = "Hale.Alert", "Shared\Alert\Hale.Alert.csproj", "{D33EE72E-93D9-487F-92AA-3FDB76052ED2}"
EndProject
Project("{FAE04EC0-301F-11D3-BF4B-00C04F79EFBC}") = "Hale.Alert.Email", "Shared\Alert.Email\Hale.Alert.Email.csproj", "{2CD59355-7A73-4738-8CD1-E6AF5D26E7C7}"
EndProject
Project("{FAE04EC0-301F-11D3-BF4B-00C04F79EFBC}") = "Hale.Alert.Pushbullet", "Shared\Alert.Pushbullet\Hale.Alert.Pushbullet.csproj", "{490B12D8-F9DE-4E63-AF13-825FED01BB86}"
EndProject
Project("{FAE04EC0-301F-11D3-BF4B-00C04F79EFBC}") = "Hale.Alert.Simple", "Shared\Alert.Simple\Hale.Alert.Simple.csproj", "{F589482C-D4AE-4A37-9825-E3C21808AFA8}"
EndProject
Project("{FAE04EC0-301F-11D3-BF4B-00C04F79EFBC}") = "Alert.Slack", "Shared\Alert.Slack\Alert.Slack.csproj", "{241AD936-ADBB-4A7E-83DA-B97DC8DA9D94}"
EndProject
Project("{FAE04EC0-301F-11D3-BF4B-00C04F79EFBC}") = "Alert.Test", "Shared\Alert.Test\Alert.Test.csproj", "{EA3FFD90-BB8D-475A-9702-EBC6E5B7AB33}"
EndProject
Project("{FAE04EC0-301F-11D3-BF4B-00C04F79EFBC}") = "Hale.Lib", "Shared\Lib\Hale.Lib.csproj", "{28F51A08-9CCC-4997-90F5-2426CFAE30F4}"
EndProject
Project("{FAE04EC0-301F-11D3-BF4B-00C04F79EFBC}") = "Hale.Lib.ModuleLoader", "Shared\Lib.ModuleLoader\Hale.Lib.ModuleLoader.csproj", "{A9904F35-66FA-4296-92E3-15FA49D9CF1D}"
EndProject
Project("{FAE04EC0-301F-11D3-BF4B-00C04F79EFBC}") = "Hale.CheckTester", "Tools\Hale-CheckTester\Hale.CheckTester.csproj", "{45358E81-C3DA-4A94-9A69-B7468F610509}"
EndProject
Project("{FAE04EC0-301F-11D3-BF4B-00C04F79EFBC}") = "Hale.DBTools", "Tools\Hale-DBTools\Hale.DBTools.csproj", "{C14589B5-938A-4C8F-907C-7BAC93D34BEA}"
EndProject
Project("{E24C65DC-7377-472B-9ABA-BC803B73C61A}") = "Docs", "Tools\Docs\", "{FEA1F7C9-A610-4B0A-9BC6-235385AC6F60}"
	ProjectSection(WebsiteProperties) = preProject
		TargetFrameworkMoniker = ".NETFramework,Version%3Dv4.0"
		Debug.AspNetCompiler.VirtualPath = "/localhost_58318"
		Debug.AspNetCompiler.PhysicalPath = "Tools\Docs\"
		Debug.AspNetCompiler.TargetPath = "PrecompiledWeb\localhost_58318\"
		Debug.AspNetCompiler.Updateable = "true"
		Debug.AspNetCompiler.ForceOverwrite = "true"
		Debug.AspNetCompiler.FixedNames = "false"
		Debug.AspNetCompiler.Debug = "True"
		Release.AspNetCompiler.VirtualPath = "/localhost_58318"
		Release.AspNetCompiler.PhysicalPath = "Tools\Docs\"
		Release.AspNetCompiler.TargetPath = "PrecompiledWeb\localhost_58318\"
		Release.AspNetCompiler.Updateable = "true"
		Release.AspNetCompiler.ForceOverwrite = "true"
		Release.AspNetCompiler.FixedNames = "false"
		Release.AspNetCompiler.Debug = "False"
		VWDPort = "58318"
		SlnRelativePath = "Tools\Docs\"
	EndProjectSection
EndProject
Project("{2150E333-8FDC-42A3-9474-1A3956D46DE8}") = "Checks", "Checks", "{F73AEBDF-BAD7-47CA-B266-DC66C83B6B75}"
EndProject
Project("{FAE04EC0-301F-11D3-BF4B-00C04F79EFBC}") = "CpuUsage", "Modules\Check.CpuUsage\CpuUsage.csproj", "{D5431865-303D-4709-BDA8-5D1E26C4445E}"
EndProject
Project("{FAE04EC0-301F-11D3-BF4B-00C04F79EFBC}") = "DiskSpace", "Modules\Check.DiskSpace\DiskSpace.csproj", "{912018B1-15C8-41B1-9C96-FF4C057B635F}"
EndProject
Project("{FAE04EC0-301F-11D3-BF4B-00C04F79EFBC}") = "DnsResolvability", "Modules\Check.DnsResolvability\DnsResolvability.csproj", "{4DD16CBC-6F4B-4F6D-ADEB-D0F3742D67EC}"
EndProject
Project("{FAE04EC0-301F-11D3-BF4B-00C04F79EFBC}") = "MemoryUsage", "Modules\Check.MemoryUsage\MemoryUsage.csproj", "{34864891-9584-4BD1-B8CD-24FED6566C31}"
EndProject
Project("{FAE04EC0-301F-11D3-BF4B-00C04F79EFBC}") = "PagingUsage", "Modules\Check.PagingUsage\PagingUsage.csproj", "{4E0BF942-0E90-4CF9-89B1-C51EA1B75024}"
EndProject
Project("{FAE04EC0-301F-11D3-BF4B-00C04F79EFBC}") = "ServiceStatus", "Modules\Check.ServiceStatus\ServiceStatus.csproj", "{505D3570-29AF-402C-ABD6-384FC6073DA6}"
EndProject
Project("{FAE04EC0-301F-11D3-BF4B-00C04F79EFBC}") = "Uptime", "Modules\Check.Uptime\Uptime.csproj", "{65BB47ED-573C-48DD-ACC8-454E0EE4C039}"
EndProject
Project("{FAE04EC0-301F-11D3-BF4B-00C04F79EFBC}") = "Hale.Core", "Testing\Hale.Core\Hale.Core.csproj", "{788F5A75-91FD-4361-8EAE-FF3E31253C71}"
EndProject
Project("{FAE04EC0-301F-11D3-BF4B-00C04F79EFBC}") = "Hale.Alert", "Testing\Hale.Alert\Hale.Alert.csproj", "{DDE0C66C-50E9-4C04-A9DD-3015A94394E5}"
EndProject
Global
	GlobalSection(SolutionConfigurationPlatforms) = preSolution
		Debug|Any CPU = Debug|Any CPU
		Release|Any CPU = Release|Any CPU
	EndGlobalSection
	GlobalSection(ProjectConfigurationPlatforms) = postSolution
		{1B49CA5C-B895-4139-9080-29E711C2C23A}.Debug|Any CPU.ActiveCfg = Debug|Any CPU
		{1B49CA5C-B895-4139-9080-29E711C2C23A}.Debug|Any CPU.Build.0 = Debug|Any CPU
		{1B49CA5C-B895-4139-9080-29E711C2C23A}.Release|Any CPU.ActiveCfg = Release|Any CPU
		{1B49CA5C-B895-4139-9080-29E711C2C23A}.Release|Any CPU.Build.0 = Release|Any CPU
		{15C782A0-DC99-4B73-B305-B8468DAD29AC}.Debug|Any CPU.ActiveCfg = Debug|Any CPU
		{15C782A0-DC99-4B73-B305-B8468DAD29AC}.Debug|Any CPU.Build.0 = Debug|Any CPU
		{15C782A0-DC99-4B73-B305-B8468DAD29AC}.Release|Any CPU.ActiveCfg = Release|Any CPU
		{15C782A0-DC99-4B73-B305-B8468DAD29AC}.Release|Any CPU.Build.0 = Release|Any CPU
		{29DBA3B0-BFE4-4BD6-9805-CD1CA40F6491}.Debug|Any CPU.ActiveCfg = Debug|Any CPU
		{29DBA3B0-BFE4-4BD6-9805-CD1CA40F6491}.Debug|Any CPU.Build.0 = Debug|Any CPU
		{29DBA3B0-BFE4-4BD6-9805-CD1CA40F6491}.Release|Any CPU.ActiveCfg = Debug|Any CPU
		{29DBA3B0-BFE4-4BD6-9805-CD1CA40F6491}.Release|Any CPU.Build.0 = Debug|Any CPU
		{D33EE72E-93D9-487F-92AA-3FDB76052ED2}.Debug|Any CPU.ActiveCfg = Debug|Any CPU
		{D33EE72E-93D9-487F-92AA-3FDB76052ED2}.Debug|Any CPU.Build.0 = Debug|Any CPU
		{D33EE72E-93D9-487F-92AA-3FDB76052ED2}.Release|Any CPU.ActiveCfg = Release|Any CPU
		{D33EE72E-93D9-487F-92AA-3FDB76052ED2}.Release|Any CPU.Build.0 = Release|Any CPU
		{2CD59355-7A73-4738-8CD1-E6AF5D26E7C7}.Debug|Any CPU.ActiveCfg = Debug|Any CPU
		{2CD59355-7A73-4738-8CD1-E6AF5D26E7C7}.Debug|Any CPU.Build.0 = Debug|Any CPU
		{2CD59355-7A73-4738-8CD1-E6AF5D26E7C7}.Release|Any CPU.ActiveCfg = Release|Any CPU
		{2CD59355-7A73-4738-8CD1-E6AF5D26E7C7}.Release|Any CPU.Build.0 = Release|Any CPU
		{490B12D8-F9DE-4E63-AF13-825FED01BB86}.Debug|Any CPU.ActiveCfg = Debug|Any CPU
		{490B12D8-F9DE-4E63-AF13-825FED01BB86}.Debug|Any CPU.Build.0 = Debug|Any CPU
		{490B12D8-F9DE-4E63-AF13-825FED01BB86}.Release|Any CPU.ActiveCfg = Release|Any CPU
		{490B12D8-F9DE-4E63-AF13-825FED01BB86}.Release|Any CPU.Build.0 = Release|Any CPU
		{F589482C-D4AE-4A37-9825-E3C21808AFA8}.Debug|Any CPU.ActiveCfg = Debug|Any CPU
		{F589482C-D4AE-4A37-9825-E3C21808AFA8}.Debug|Any CPU.Build.0 = Debug|Any CPU
		{F589482C-D4AE-4A37-9825-E3C21808AFA8}.Release|Any CPU.ActiveCfg = Release|Any CPU
		{F589482C-D4AE-4A37-9825-E3C21808AFA8}.Release|Any CPU.Build.0 = Release|Any CPU
		{241AD936-ADBB-4A7E-83DA-B97DC8DA9D94}.Debug|Any CPU.ActiveCfg = Debug|Any CPU
		{241AD936-ADBB-4A7E-83DA-B97DC8DA9D94}.Debug|Any CPU.Build.0 = Debug|Any CPU
		{241AD936-ADBB-4A7E-83DA-B97DC8DA9D94}.Release|Any CPU.ActiveCfg = Release|Any CPU
		{241AD936-ADBB-4A7E-83DA-B97DC8DA9D94}.Release|Any CPU.Build.0 = Release|Any CPU
		{EA3FFD90-BB8D-475A-9702-EBC6E5B7AB33}.Debug|Any CPU.ActiveCfg = Debug|Any CPU
		{EA3FFD90-BB8D-475A-9702-EBC6E5B7AB33}.Debug|Any CPU.Build.0 = Debug|Any CPU
		{EA3FFD90-BB8D-475A-9702-EBC6E5B7AB33}.Release|Any CPU.ActiveCfg = Release|Any CPU
		{EA3FFD90-BB8D-475A-9702-EBC6E5B7AB33}.Release|Any CPU.Build.0 = Release|Any CPU
		{28F51A08-9CCC-4997-90F5-2426CFAE30F4}.Debug|Any CPU.ActiveCfg = Debug|Any CPU
		{28F51A08-9CCC-4997-90F5-2426CFAE30F4}.Debug|Any CPU.Build.0 = Debug|Any CPU
		{28F51A08-9CCC-4997-90F5-2426CFAE30F4}.Release|Any CPU.ActiveCfg = Release|Any CPU
		{28F51A08-9CCC-4997-90F5-2426CFAE30F4}.Release|Any CPU.Build.0 = Release|Any CPU
		{A9904F35-66FA-4296-92E3-15FA49D9CF1D}.Debug|Any CPU.ActiveCfg = Debug|Any CPU
		{A9904F35-66FA-4296-92E3-15FA49D9CF1D}.Debug|Any CPU.Build.0 = Debug|Any CPU
		{A9904F35-66FA-4296-92E3-15FA49D9CF1D}.Release|Any CPU.ActiveCfg = Release|Any CPU
		{A9904F35-66FA-4296-92E3-15FA49D9CF1D}.Release|Any CPU.Build.0 = Release|Any CPU
		{45358E81-C3DA-4A94-9A69-B7468F610509}.Debug|Any CPU.ActiveCfg = Debug|Any CPU
		{45358E81-C3DA-4A94-9A69-B7468F610509}.Debug|Any CPU.Build.0 = Debug|Any CPU
		{45358E81-C3DA-4A94-9A69-B7468F610509}.Release|Any CPU.ActiveCfg = Release|Any CPU
		{45358E81-C3DA-4A94-9A69-B7468F610509}.Release|Any CPU.Build.0 = Release|Any CPU
		{C14589B5-938A-4C8F-907C-7BAC93D34BEA}.Debug|Any CPU.ActiveCfg = Debug|Any CPU
		{C14589B5-938A-4C8F-907C-7BAC93D34BEA}.Debug|Any CPU.Build.0 = Debug|Any CPU
		{C14589B5-938A-4C8F-907C-7BAC93D34BEA}.Release|Any CPU.ActiveCfg = Release|Any CPU
		{C14589B5-938A-4C8F-907C-7BAC93D34BEA}.Release|Any CPU.Build.0 = Release|Any CPU
		{FEA1F7C9-A610-4B0A-9BC6-235385AC6F60}.Debug|Any CPU.ActiveCfg = Debug|Any CPU
		{FEA1F7C9-A610-4B0A-9BC6-235385AC6F60}.Debug|Any CPU.Build.0 = Debug|Any CPU
		{FEA1F7C9-A610-4B0A-9BC6-235385AC6F60}.Release|Any CPU.ActiveCfg = Debug|Any CPU
		{FEA1F7C9-A610-4B0A-9BC6-235385AC6F60}.Release|Any CPU.Build.0 = Debug|Any CPU
		{D5431865-303D-4709-BDA8-5D1E26C4445E}.Debug|Any CPU.ActiveCfg = Debug|Any CPU
		{D5431865-303D-4709-BDA8-5D1E26C4445E}.Debug|Any CPU.Build.0 = Debug|Any CPU
		{D5431865-303D-4709-BDA8-5D1E26C4445E}.Release|Any CPU.ActiveCfg = Release|Any CPU
		{D5431865-303D-4709-BDA8-5D1E26C4445E}.Release|Any CPU.Build.0 = Release|Any CPU
		{912018B1-15C8-41B1-9C96-FF4C057B635F}.Debug|Any CPU.ActiveCfg = Debug|Any CPU
		{912018B1-15C8-41B1-9C96-FF4C057B635F}.Debug|Any CPU.Build.0 = Debug|Any CPU
		{912018B1-15C8-41B1-9C96-FF4C057B635F}.Release|Any CPU.ActiveCfg = Release|Any CPU
		{912018B1-15C8-41B1-9C96-FF4C057B635F}.Release|Any CPU.Build.0 = Release|Any CPU
		{4DD16CBC-6F4B-4F6D-ADEB-D0F3742D67EC}.Debug|Any CPU.ActiveCfg = Debug|Any CPU
		{4DD16CBC-6F4B-4F6D-ADEB-D0F3742D67EC}.Debug|Any CPU.Build.0 = Debug|Any CPU
		{4DD16CBC-6F4B-4F6D-ADEB-D0F3742D67EC}.Release|Any CPU.ActiveCfg = Release|Any CPU
		{4DD16CBC-6F4B-4F6D-ADEB-D0F3742D67EC}.Release|Any CPU.Build.0 = Release|Any CPU
		{34864891-9584-4BD1-B8CD-24FED6566C31}.Debug|Any CPU.ActiveCfg = Debug|Any CPU
		{34864891-9584-4BD1-B8CD-24FED6566C31}.Debug|Any CPU.Build.0 = Debug|Any CPU
		{34864891-9584-4BD1-B8CD-24FED6566C31}.Release|Any CPU.ActiveCfg = Release|Any CPU
		{34864891-9584-4BD1-B8CD-24FED6566C31}.Release|Any CPU.Build.0 = Release|Any CPU
		{4E0BF942-0E90-4CF9-89B1-C51EA1B75024}.Debug|Any CPU.ActiveCfg = Debug|Any CPU
		{4E0BF942-0E90-4CF9-89B1-C51EA1B75024}.Debug|Any CPU.Build.0 = Debug|Any CPU
		{4E0BF942-0E90-4CF9-89B1-C51EA1B75024}.Release|Any CPU.ActiveCfg = Release|Any CPU
		{4E0BF942-0E90-4CF9-89B1-C51EA1B75024}.Release|Any CPU.Build.0 = Release|Any CPU
		{505D3570-29AF-402C-ABD6-384FC6073DA6}.Debug|Any CPU.ActiveCfg = Debug|Any CPU
		{505D3570-29AF-402C-ABD6-384FC6073DA6}.Debug|Any CPU.Build.0 = Debug|Any CPU
		{505D3570-29AF-402C-ABD6-384FC6073DA6}.Release|Any CPU.ActiveCfg = Release|Any CPU
		{505D3570-29AF-402C-ABD6-384FC6073DA6}.Release|Any CPU.Build.0 = Release|Any CPU
		{65BB47ED-573C-48DD-ACC8-454E0EE4C039}.Debug|Any CPU.ActiveCfg = Debug|Any CPU
		{65BB47ED-573C-48DD-ACC8-454E0EE4C039}.Debug|Any CPU.Build.0 = Debug|Any CPU
		{65BB47ED-573C-48DD-ACC8-454E0EE4C039}.Release|Any CPU.ActiveCfg = Release|Any CPU
		{65BB47ED-573C-48DD-ACC8-454E0EE4C039}.Release|Any CPU.Build.0 = Release|Any CPU
		{788F5A75-91FD-4361-8EAE-FF3E31253C71}.Debug|Any CPU.ActiveCfg = Debug|Any CPU
		{788F5A75-91FD-4361-8EAE-FF3E31253C71}.Debug|Any CPU.Build.0 = Debug|Any CPU
		{788F5A75-91FD-4361-8EAE-FF3E31253C71}.Release|Any CPU.ActiveCfg = Release|Any CPU
		{788F5A75-91FD-4361-8EAE-FF3E31253C71}.Release|Any CPU.Build.0 = Release|Any CPU
		{DDE0C66C-50E9-4C04-A9DD-3015A94394E5}.Debug|Any CPU.ActiveCfg = Debug|Any CPU
		{DDE0C66C-50E9-4C04-A9DD-3015A94394E5}.Debug|Any CPU.Build.0 = Debug|Any CPU
		{DDE0C66C-50E9-4C04-A9DD-3015A94394E5}.Release|Any CPU.ActiveCfg = Release|Any CPU
		{DDE0C66C-50E9-4C04-A9DD-3015A94394E5}.Release|Any CPU.Build.0 = Release|Any CPU
	EndGlobalSection
	GlobalSection(SolutionProperties) = preSolution
		HideSolutionNode = FALSE
	EndGlobalSection
	GlobalSection(NestedProjects) = preSolution
		{1B49CA5C-B895-4139-9080-29E711C2C23A} = {0768DEEE-4D7A-41C2-939A-92F24724720C}
		{15C782A0-DC99-4B73-B305-B8468DAD29AC} = {0768DEEE-4D7A-41C2-939A-92F24724720C}
		{29DBA3B0-BFE4-4BD6-9805-CD1CA40F6491} = {6879F8C8-81B8-4CB8-88FF-F3068B46AFF0}
		{D33EE72E-93D9-487F-92AA-3FDB76052ED2} = {E1EF2A14-563C-4C83-91A2-8A16A00AFDCA}
		{2CD59355-7A73-4738-8CD1-E6AF5D26E7C7} = {E1EF2A14-563C-4C83-91A2-8A16A00AFDCA}
		{490B12D8-F9DE-4E63-AF13-825FED01BB86} = {E1EF2A14-563C-4C83-91A2-8A16A00AFDCA}
		{F589482C-D4AE-4A37-9825-E3C21808AFA8} = {E1EF2A14-563C-4C83-91A2-8A16A00AFDCA}
		{241AD936-ADBB-4A7E-83DA-B97DC8DA9D94} = {E1EF2A14-563C-4C83-91A2-8A16A00AFDCA}
		{EA3FFD90-BB8D-475A-9702-EBC6E5B7AB33} = {E1EF2A14-563C-4C83-91A2-8A16A00AFDCA}
		{28F51A08-9CCC-4997-90F5-2426CFAE30F4} = {E1EF2A14-563C-4C83-91A2-8A16A00AFDCA}
		{A9904F35-66FA-4296-92E3-15FA49D9CF1D} = {E1EF2A14-563C-4C83-91A2-8A16A00AFDCA}
		{45358E81-C3DA-4A94-9A69-B7468F610509} = {097D7656-AF7E-4311-8D57-5A17AD720773}
		{C14589B5-938A-4C8F-907C-7BAC93D34BEA} = {097D7656-AF7E-4311-8D57-5A17AD720773}
		{FEA1F7C9-A610-4B0A-9BC6-235385AC6F60} = {097D7656-AF7E-4311-8D57-5A17AD720773}
		{F73AEBDF-BAD7-47CA-B266-DC66C83B6B75} = {0C223B6C-93C3-4336-A50D-3B2A604E1881}
		{D5431865-303D-4709-BDA8-5D1E26C4445E} = {F73AEBDF-BAD7-47CA-B266-DC66C83B6B75}
		{912018B1-15C8-41B1-9C96-FF4C057B635F} = {F73AEBDF-BAD7-47CA-B266-DC66C83B6B75}
		{4DD16CBC-6F4B-4F6D-ADEB-D0F3742D67EC} = {F73AEBDF-BAD7-47CA-B266-DC66C83B6B75}
		{34864891-9584-4BD1-B8CD-24FED6566C31} = {F73AEBDF-BAD7-47CA-B266-DC66C83B6B75}
		{4E0BF942-0E90-4CF9-89B1-C51EA1B75024} = {F73AEBDF-BAD7-47CA-B266-DC66C83B6B75}
		{505D3570-29AF-402C-ABD6-384FC6073DA6} = {F73AEBDF-BAD7-47CA-B266-DC66C83B6B75}
		{65BB47ED-573C-48DD-ACC8-454E0EE4C039} = {F73AEBDF-BAD7-47CA-B266-DC66C83B6B75}
		{788F5A75-91FD-4361-8EAE-FF3E31253C71} = {28BD8B71-9E1E-4DF6-90EB-1A20F9B8CF2E}
		{DDE0C66C-50E9-4C04-A9DD-3015A94394E5} = {28BD8B71-9E1E-4DF6-90EB-1A20F9B8CF2E}
	EndGlobalSection
EndGlobal
